
Microsoft Visual Studio Solution File, Format Version 12.00
# Visual Studio Version 16
VisualStudioVersion = 16.0.31313.79
MinimumVisualStudioVersion = 10.0.40219.1
Project("{FAE04EC0-301F-11D3-BF4B-00C04F79EFBC}") = "EverClone", "EverClone\EverClone.csproj", "{D64843EB-23E9-4D52-BB37-FDC3459FBA64}"
EndProject
Global
	GlobalSection(SolutionConfigurationPlatforms) = preSolution
		Debug|Any CPU = Debug|Any CPU
		Release|Any CPU = Release|Any CPU
	EndGlobalSection
	GlobalSection(ProjectConfigurationPlatforms) = postSolution
		{D64843EB-23E9-4D52-BB37-FDC3459FBA64}.Debug|Any CPU.ActiveCfg = Debug|Any CPU
		{D64843EB-23E9-4D52-BB37-FDC3459FBA64}.Debug|Any CPU.Build.0 = Debug|Any CPU
		{D64843EB-23E9-4D52-BB37-FDC3459FBA64}.Release|Any CPU.ActiveCfg = Release|Any CPU
		{D64843EB-23E9-4D52-BB37-FDC3459FBA64}.Release|Any CPU.Build.0 = Release|Any CPU
	EndGlobalSection
	GlobalSection(SolutionProperties) = preSolution
		HideSolutionNode = FALSE
	EndGlobalSection
	GlobalSection(ExtensibilityGlobals) = postSolution
		SolutionGuid = {1F1E348E-BA4D-4012-8A78-C318508571AA}
	EndGlobalSection
EndGlobal
